
Microsoft Visual Studio Solution File, Format Version 12.00
# Visual Studio Version 16
VisualStudioVersion = 16.0.30320.27
MinimumVisualStudioVersion = 10.0.40219.1
Project("{2150E333-8FDC-42A3-9474-1A3956D46DE8}") = "Solution Items", "Solution Items", "{5D2F5215-1EB3-48AB-B1CE-1E25690909B7}"
	ProjectSection(SolutionItems) = preProject
		.gitignore = .gitignore
		Build.bat = Build.bat
		ChangeLog.md = ChangeLog.md
		Directory.Build.props = Directory.Build.props
		Readme.md = Readme.md
		Rhetos.LightDMS.nuspec = Rhetos.LightDMS.nuspec
	EndProjectSection
EndProject
Project("{9A19103F-16F7-4668-BE54-9A1E7A4F7556}") = "Rhetos.LightDMS", "src\Plugins\Rhetos.LightDMS\Rhetos.LightDMS.csproj", "{94DD3043-0BC2-461D-A1D6-F50B4B5F68F0}"
EndProject
Project("{9A19103F-16F7-4668-BE54-9A1E7A4F7556}") = "Rhetos.LightDMS.IntegrationTest", "test\Rhetos.LightDMS.IntegrationTest\Rhetos.LightDMS.IntegrationTest.csproj", "{32BCC7CE-B5F5-4746-9281-0FB2FC65424D}"
EndProject
Project("{9A19103F-16F7-4668-BE54-9A1E7A4F7556}") = "Rhetos.LightDMS.TestApp", "test\Rhetos.LightDMS.TestApp\Rhetos.LightDMS.TestApp.csproj", "{FCFEBE9B-2866-42BB-A713-AC6F5B744BB8}"
EndProject
Global
	GlobalSection(SolutionConfigurationPlatforms) = preSolution
		Debug|Any CPU = Debug|Any CPU
		Release|Any CPU = Release|Any CPU
	EndGlobalSection
	GlobalSection(ProjectConfigurationPlatforms) = postSolution
		{94DD3043-0BC2-461D-A1D6-F50B4B5F68F0}.Debug|Any CPU.ActiveCfg = Debug|Any CPU
		{94DD3043-0BC2-461D-A1D6-F50B4B5F68F0}.Debug|Any CPU.Build.0 = Debug|Any CPU
		{94DD3043-0BC2-461D-A1D6-F50B4B5F68F0}.Release|Any CPU.ActiveCfg = Release|Any CPU
		{94DD3043-0BC2-461D-A1D6-F50B4B5F68F0}.Release|Any CPU.Build.0 = Release|Any CPU
		{32BCC7CE-B5F5-4746-9281-0FB2FC65424D}.Debug|Any CPU.ActiveCfg = Debug|Any CPU
		{32BCC7CE-B5F5-4746-9281-0FB2FC65424D}.Debug|Any CPU.Build.0 = Debug|Any CPU
		{32BCC7CE-B5F5-4746-9281-0FB2FC65424D}.Release|Any CPU.ActiveCfg = Release|Any CPU
		{32BCC7CE-B5F5-4746-9281-0FB2FC65424D}.Release|Any CPU.Build.0 = Release|Any CPU
		{FCFEBE9B-2866-42BB-A713-AC6F5B744BB8}.Debug|Any CPU.ActiveCfg = Debug|Any CPU
		{FCFEBE9B-2866-42BB-A713-AC6F5B744BB8}.Debug|Any CPU.Build.0 = Debug|Any CPU
		{FCFEBE9B-2866-42BB-A713-AC6F5B744BB8}.Release|Any CPU.ActiveCfg = Release|Any CPU
		{FCFEBE9B-2866-42BB-A713-AC6F5B744BB8}.Release|Any CPU.Build.0 = Release|Any CPU
	EndGlobalSection
	GlobalSection(SolutionProperties) = preSolution
		HideSolutionNode = FALSE
	EndGlobalSection
	GlobalSection(ExtensibilityGlobals) = postSolution
		SolutionGuid = {FB7611FE-2096-4580-B87E-5C6807ABCEF9}
	EndGlobalSection
EndGlobal
