
Microsoft Visual Studio Solution File, Format Version 12.00
# Visual Studio Version 16
VisualStudioVersion = 16.0.30320.27
MinimumVisualStudioVersion = 10.0.40219.1
Project("{9A19103F-16F7-4668-BE54-9A1E7A4F7556}") = "Rhetos.LightDMS", "Plugins\Rhetos.LightDMS\Rhetos.LightDMS.csproj", "{D3AE2437-88A1-444D-A8AC-7606DD9E38AF}"
EndProject
Project("{2150E333-8FDC-42A3-9474-1A3956D46DE8}") = "Solution Items", "Solution Items", "{5D2F5215-1EB3-48AB-B1CE-1E25690909B7}"
	ProjectSection(SolutionItems) = preProject
		.gitignore = .gitignore
		Build.bat = Build.bat
		ChangeLog.md = ChangeLog.md
		Directory.Build.props = Directory.Build.props
		Readme.md = Readme.md
		Rhetos.LightDMS.nuspec = Rhetos.LightDMS.nuspec
	EndProjectSection
EndProject
Global
	GlobalSection(SolutionConfigurationPlatforms) = preSolution
		Debug|Any CPU = Debug|Any CPU
		Release|Any CPU = Release|Any CPU
	EndGlobalSection
	GlobalSection(ProjectConfigurationPlatforms) = postSolution
		{D3AE2437-88A1-444D-A8AC-7606DD9E38AF}.Debug|Any CPU.ActiveCfg = Debug|Any CPU
		{D3AE2437-88A1-444D-A8AC-7606DD9E38AF}.Debug|Any CPU.Build.0 = Debug|Any CPU
		{D3AE2437-88A1-444D-A8AC-7606DD9E38AF}.Release|Any CPU.ActiveCfg = Release|Any CPU
		{D3AE2437-88A1-444D-A8AC-7606DD9E38AF}.Release|Any CPU.Build.0 = Release|Any CPU
	EndGlobalSection
	GlobalSection(SolutionProperties) = preSolution
		HideSolutionNode = FALSE
	EndGlobalSection
	GlobalSection(ExtensibilityGlobals) = postSolution
		SolutionGuid = {FB7611FE-2096-4580-B87E-5C6807ABCEF9}
	EndGlobalSection
EndGlobal
